
Microsoft Visual Studio Solution File, Format Version 12.00
# Visual Studio Version 17
VisualStudioVersion = 17.8.34525.116
MinimumVisualStudioVersion = 10.0.40219.1
Project("{8BC9CEB8-8B4A-11D0-8D11-00A0C91BC942}") = "Main", "Main.vcxproj", "{2C2D2422-BE65-4CE8-BD69-DDBA11B4553E}"
EndProject
Global
	GlobalSection(SolutionConfigurationPlatforms) = preSolution
		Debug|x64 = Debug|x64
		Debug|x86 = Debug|x86
		Release|x64 = Release|x64
		Release|x86 = Release|x86
	EndGlobalSection
	GlobalSection(ProjectConfigurationPlatforms) = postSolution
		{2C2D2422-BE65-4CE8-BD69-DDBA11B4553E}.Debug|x64.ActiveCfg = Debug|x64
		{2C2D2422-BE65-4CE8-BD69-DDBA11B4553E}.Debug|x64.Build.0 = Debug|x64
		{2C2D2422-BE65-4CE8-BD69-DDBA11B4553E}.Debug|x86.ActiveCfg = Debug|Win32
		{2C2D2422-BE65-4CE8-BD69-DDBA11B4553E}.Debug|x86.Build.0 = Debug|Win32
		{2C2D2422-BE65-4CE8-BD69-DDBA11B4553E}.Release|x64.ActiveCfg = Release|x64
		{2C2D2422-BE65-4CE8-BD69-DDBA11B4553E}.Release|x64.Build.0 = Release|x64
		{2C2D2422-BE65-4CE8-BD69-DDBA11B4553E}.Release|x86.ActiveCfg = Release|Win32
		{2C2D2422-BE65-4CE8-BD69-DDBA11B4553E}.Release|x86.Build.0 = Release|Win32
	EndGlobalSection
	GlobalSection(SolutionProperties) = preSolution
		HideSolutionNode = FALSE
	EndGlobalSection
	GlobalSection(ExtensibilityGlobals) = postSolution
		SolutionGuid = {EC988BA2-DD11-45A5-8471-93B53D7DCED5}
	EndGlobalSection
EndGlobal
